{
  "name": "grindergraph",
  "version": "1.0.0",
  "lockfileVersion": 3,
  "requires": true,
  "packages": {
    "": {
      "name": "grindergraph",
      "version": "1.0.0",
      "hasInstallScript": true,
      "license": "ISC",
      "dependencies": {
        "7zip-bin": "^5.2.0",
        "7zip-min": "^2.1.0"
      }
    },
    "node_modules/7zip-bin": {
      "version": "5.2.0",
      "resolved": "https://registry.npmjs.org/7zip-bin/-/7zip-bin-5.2.0.tgz",
      "integrity": "sha512-ukTPVhqG4jNzMro2qA9HSCSSVJN3aN7tlb+hfqYCt3ER0yWroeA2VR38MNrOHLQ/cVj+DaIMad0kFCtWWowh/A==",
      "license": "MIT"
    },
    "node_modules/7zip-min": {
      "version": "2.1.0",
      "resolved": "https://registry.npmjs.org/7zip-min/-/7zip-min-2.1.0.tgz",
      "integrity": "sha512-6uoMmPaasBQOyEuMIuNnASA6mF6ZfNmhsKdxJiEbtkHt9DkrJ0w1cZwyNdkDeOKjR2c5gOQAEkvMN3gyZ9MEBw==",
      "license": "MIT",
      "dependencies": {
        "7zip-bin": "5.1.1"
      }
    },
    "node_modules/7zip-min/node_modules/7zip-bin": {
      "version": "5.1.1",
      "resolved": "https://registry.npmjs.org/7zip-bin/-/7zip-bin-5.1.1.tgz",
      "integrity": "sha512-sAP4LldeWNz0lNzmTird3uWfFDWWTeg6V/MsmyyLR9X1idwKBWIgt/ZvinqQldJm3LecKEs1emkbquO6PCiLVQ==",
      "license": "MIT"
    }
  }
}
